
Microsoft Visual Studio Solution File, Format Version 12.00
# Visual Studio Version 16
VisualStudioVersion = 16.0.30114.105
MinimumVisualStudioVersion = 10.0.40219.1
Project("{FAE04EC0-301F-11D3-BF4B-00C04F79EFBC}") = "websilabo", "websilabo\websilabo.csproj", "{33835F3C-4482-4BF8-9E89-1B43E2BF9098}"
EndProject
Global
	GlobalSection(SolutionConfigurationPlatforms) = preSolution
		Debug|Any CPU = Debug|Any CPU
		Release|Any CPU = Release|Any CPU
	EndGlobalSection
	GlobalSection(ProjectConfigurationPlatforms) = postSolution
		{33835F3C-4482-4BF8-9E89-1B43E2BF9098}.Debug|Any CPU.ActiveCfg = Debug|Any CPU
		{33835F3C-4482-4BF8-9E89-1B43E2BF9098}.Debug|Any CPU.Build.0 = Debug|Any CPU
		{33835F3C-4482-4BF8-9E89-1B43E2BF9098}.Release|Any CPU.ActiveCfg = Release|Any CPU
		{33835F3C-4482-4BF8-9E89-1B43E2BF9098}.Release|Any CPU.Build.0 = Release|Any CPU
	EndGlobalSection
	GlobalSection(SolutionProperties) = preSolution
		HideSolutionNode = FALSE
	EndGlobalSection
	GlobalSection(ExtensibilityGlobals) = postSolution
		SolutionGuid = {A97988BA-0889-4AC6-BF3C-B7F62E69ED22}
	EndGlobalSection
EndGlobal
